
Microsoft Visual Studio Solution File, Format Version 12.00
# Visual Studio Version 17
VisualStudioVersion = 17.4.33110.190
MinimumVisualStudioVersion = 10.0.40219.1
Project("{FAE04EC0-301F-11D3-BF4B-00C04F79EFBC}") = "2_EfCore_AddData", "2_EfCore_AddData\2_EfCore_AddData.csproj", "{03C35AD0-0915-4E6A-A3FB-AA468DDF66A7}"
EndProject
Global
	GlobalSection(SolutionConfigurationPlatforms) = preSolution
		Debug|Any CPU = Debug|Any CPU
		Release|Any CPU = Release|Any CPU
	EndGlobalSection
	GlobalSection(ProjectConfigurationPlatforms) = postSolution
		{03C35AD0-0915-4E6A-A3FB-AA468DDF66A7}.Debug|Any CPU.ActiveCfg = Debug|Any CPU
		{03C35AD0-0915-4E6A-A3FB-AA468DDF66A7}.Debug|Any CPU.Build.0 = Debug|Any CPU
		{03C35AD0-0915-4E6A-A3FB-AA468DDF66A7}.Release|Any CPU.ActiveCfg = Release|Any CPU
		{03C35AD0-0915-4E6A-A3FB-AA468DDF66A7}.Release|Any CPU.Build.0 = Release|Any CPU
	EndGlobalSection
	GlobalSection(SolutionProperties) = preSolution
		HideSolutionNode = FALSE
	EndGlobalSection
	GlobalSection(ExtensibilityGlobals) = postSolution
		SolutionGuid = {9B2008D3-B9F8-4D43-A70F-700B466816F6}
	EndGlobalSection
EndGlobal
